{
  "nodes": {
    "chaotic-nyx": {
      "inputs": {
        "flake-schemas": "flake-schemas",
        "home-manager": [
          "home-manager"
        ],
        "jovian": "jovian",
        "nixpkgs": [
          "nixpkgs"
        ],
        "rust-overlay": "rust-overlay"
      },
      "locked": {
        "lastModified": 1758642505,
        "narHash": "sha256-056XfEHlYdBKU2RtN4R+9m2nzL588TCZ8AsIviWONRg=",
        "owner": "chaotic-cx",
        "repo": "nyx",
        "rev": "0fe60fa161631289a051fef36dfaab28465ddc7b",
        "type": "github"
      },
      "original": {
        "owner": "chaotic-cx",
        "ref": "nyxpkgs-unstable",
        "repo": "nyx",
        "type": "github"
      }
    },
    "firefox-addons": {
      "inputs": {
        "nixpkgs": [
          "textfox",
          "nixpkgs"
        ]
      },
      "locked": {
        "dir": "pkgs/firefox-addons",
        "lastModified": 1754512310,
        "narHash": "sha256-gXE5lTYMOhpDJo+siLXW/3BzySPmLMD12GVB1QFVbyw=",
        "owner": "rycee",
        "repo": "nur-expressions",
        "rev": "2008f9aa7a5ccde48bfc1de5a919be5898da09c2",
        "type": "gitlab"
      },
      "original": {
        "dir": "pkgs/firefox-addons",
        "owner": "rycee",
        "repo": "nur-expressions",
        "type": "gitlab"
      }
    },
    "flake-schemas": {
      "locked": {
        "lastModified": 1721999734,
        "narHash": "sha256-G5CxYeJVm4lcEtaO87LKzOsVnWeTcHGKbKxNamNWgOw=",
        "rev": "0a5c42297d870156d9c57d8f99e476b738dcd982",
        "revCount": 75,
        "type": "tarball",
        "url": "https://api.flakehub.com/f/pinned/DeterminateSystems/flake-schemas/0.1.5/0190ef2f-61e0-794b-ba14-e82f225e55e6/source.tar.gz"
      },
      "original": {
        "type": "tarball",
        "url": "https://flakehub.com/f/DeterminateSystems/flake-schemas/%3D0.1.5.tar.gz"
      }
    },
    "home-manager": {
      "inputs": {
        "nixpkgs": [
          "nixpkgs"
        ]
      },
      "locked": {
        "lastModified": 1758748290,
        "narHash": "sha256-/U2axzLmPgJb/0J+vQ4XmS++72VZWxJnDblwqTyGmEk=",
        "owner": "nix-community",
        "repo": "home-manager",
        "rev": "2e260431fca7a782e0d0591985f2040944b43541",
        "type": "github"
      },
      "original": {
        "owner": "nix-community",
        "repo": "home-manager",
        "type": "github"
      }
    },
    "isabelle-lsp-nvim": {
      "flake": false,
      "locked": {
        "lastModified": 1729010055,
        "narHash": "sha256-rtwhEB8Aq+2RbS4ZtydKmodwfk2N6LE5GIBdfu8Ru04=",
        "owner": "Treeniks",
        "repo": "isabelle-lsp.nvim",
        "rev": "8eaf60f08d7f3ec6782d12327fa7e1b88545bd7c",
        "type": "github"
      },
      "original": {
        "owner": "Treeniks",
        "repo": "isabelle-lsp.nvim",
        "type": "github"
      }
    },
    "isabelle-syn-nvim": {
      "flake": false,
      "locked": {
        "lastModified": 1715734052,
        "narHash": "sha256-f04jyExUwos9w89IeKbRdRMtWIsQYe0McAUoijq7mCA=",
        "owner": "Treeniks",
        "repo": "isabelle-syn.nvim",
        "rev": "114b06dc34edf1707be7249b5a3815733e68d4c9",
        "type": "github"
      },
      "original": {
        "owner": "Treeniks",
        "repo": "isabelle-syn.nvim",
        "type": "github"
      }
    },
    "jovian": {
      "inputs": {
        "nix-github-actions": "nix-github-actions",
        "nixpkgs": [
          "chaotic-nyx",
          "nixpkgs"
        ]
      },
      "locked": {
        "lastModified": 1757230583,
        "narHash": "sha256-4uqu7sFPOaVTCogsxaGMgbzZ2vK40GVGMfUmrvK3/LY=",
        "owner": "Jovian-Experiments",
        "repo": "Jovian-NixOS",
        "rev": "fc3960e6c32c9d4f95fff2ef84444284d24d3bea",
        "type": "github"
      },
      "original": {
        "owner": "Jovian-Experiments",
        "repo": "Jovian-NixOS",
        "type": "github"
      }
    },
    "nix-github-actions": {
      "inputs": {
        "nixpkgs": [
          "chaotic-nyx",
          "jovian",
          "nixpkgs"
        ]
      },
      "locked": {
        "lastModified": 1729697500,
        "narHash": "sha256-VFTWrbzDlZyFHHb1AlKRiD/qqCJIripXKiCSFS8fAOY=",
        "owner": "zhaofengli",
        "repo": "nix-github-actions",
        "rev": "e418aeb728b6aa5ca8c5c71974e7159c2df1d8cf",
        "type": "github"
      },
      "original": {
        "owner": "zhaofengli",
        "ref": "matrix-name",
        "repo": "nix-github-actions",
        "type": "github"
      }
    },
    "nixpkgs": {
      "locked": {
        "lastModified": 1758427187,
        "narHash": "sha256-pHpxZ/IyCwoTQPtFIAG2QaxuSm8jWzrzBGjwQZIttJc=",
        "owner": "NixOS",
        "repo": "nixpkgs",
        "rev": "554be6495561ff07b6c724047bdd7e0716aa7b46",
        "type": "github"
      },
      "original": {
        "owner": "NixOS",
        "ref": "nixos-unstable",
        "repo": "nixpkgs",
        "type": "github"
      }
    },
    "root": {
      "inputs": {
        "chaotic-nyx": "chaotic-nyx",
        "home-manager": "home-manager",
        "isabelle-lsp-nvim": "isabelle-lsp-nvim",
        "isabelle-syn-nvim": "isabelle-syn-nvim",
        "nixpkgs": "nixpkgs",
        "textfox": "textfox"
      }
    },
    "rust-overlay": {
      "inputs": {
        "nixpkgs": [
          "chaotic-nyx",
          "nixpkgs"
        ]
      },
      "locked": {
        "lastModified": 1758422215,
        "narHash": "sha256-JvF5SXhp1wBHbfEVAWgJCDVSO8iknfDqXfqMch5YWg0=",
        "owner": "oxalica",
        "repo": "rust-overlay",
        "rev": "6f3988eb5885f1e2efa874a480d91de09a7f9f0b",
        "type": "github"
      },
      "original": {
        "owner": "oxalica",
        "repo": "rust-overlay",
        "type": "github"
      }
    },
    "textfox": {
      "inputs": {
        "firefox-addons": "firefox-addons",
        "nixpkgs": [
          "nixpkgs"
        ]
      },
      "locked": {
        "lastModified": 1755269745,
        "narHash": "sha256-TMAEI9FR4YxMxyu+TG77ucDvIYm8NOP+ZTYRzeAisJw=",
        "owner": "adriankarlen",
        "repo": "textfox",
        "rev": "a2a6d607e31edb318c296fe72302489d3a6b040c",
        "type": "github"
      },
      "original": {
        "owner": "adriankarlen",
        "repo": "textfox",
        "type": "github"
      }
    }
  },
  "root": "root",
  "version": 7
}
