{
  "nodes": {
    "home-manager": {
      "inputs": {
        "nixpkgs": [
          "nixpkgs"
        ]
      },
      "locked": {
        "lastModified": 1741635347,
        "narHash": "sha256-2aYfV44h18alHXopyfL4D9GsnpE5XlSVkp4MGe586VU=",
        "owner": "nix-community",
        "repo": "home-manager",
        "rev": "7fb8678716c158642ac42f9ff7a18c0800fea551",
        "type": "github"
      },
      "original": {
        "owner": "nix-community",
        "repo": "home-manager",
        "type": "github"
      }
    },
    "isabelle": {
      "flake": false,
      "locked": {
        "narHash": "sha256-S0W0L9Fw59jrJNNaom2HipiOUZ4gSAEIOqL7aRaWoEc=",
        "ref": "default",
        "rev": "f3db31c8acbcc9c3fc3cfc7786a66a81073037d0",
        "revCount": 82247,
        "type": "hg",
        "url": "https://isabelle-dev.sketis.net/source/isabelle"
      },
      "original": {
        "type": "hg",
        "url": "https://isabelle-dev.sketis.net/source/isabelle"
      }
    },
    "isabelle-lsp-nvim": {
      "flake": false,
      "locked": {
        "lastModified": 1729010055,
        "narHash": "sha256-rtwhEB8Aq+2RbS4ZtydKmodwfk2N6LE5GIBdfu8Ru04=",
        "owner": "Treeniks",
        "repo": "isabelle-lsp.nvim",
        "rev": "8eaf60f08d7f3ec6782d12327fa7e1b88545bd7c",
        "type": "github"
      },
      "original": {
        "owner": "Treeniks",
        "repo": "isabelle-lsp.nvim",
        "type": "github"
      }
    },
    "isabelle-syn-nvim": {
      "flake": false,
      "locked": {
        "lastModified": 1715734052,
        "narHash": "sha256-f04jyExUwos9w89IeKbRdRMtWIsQYe0McAUoijq7mCA=",
        "owner": "Treeniks",
        "repo": "isabelle-syn.nvim",
        "rev": "114b06dc34edf1707be7249b5a3815733e68d4c9",
        "type": "github"
      },
      "original": {
        "owner": "Treeniks",
        "repo": "isabelle-syn.nvim",
        "type": "github"
      }
    },
    "nixpkgs": {
      "locked": {
        "lastModified": 1741513245,
        "narHash": "sha256-7rTAMNTY1xoBwz0h7ZMtEcd8LELk9R5TzBPoHuhNSCk=",
        "owner": "NixOS",
        "repo": "nixpkgs",
        "rev": "e3e32b642a31e6714ec1b712de8c91a3352ce7e1",
        "type": "github"
      },
      "original": {
        "owner": "NixOS",
        "ref": "nixos-unstable",
        "repo": "nixpkgs",
        "type": "github"
      }
    },
    "root": {
      "inputs": {
        "home-manager": "home-manager",
        "isabelle": "isabelle",
        "isabelle-lsp-nvim": "isabelle-lsp-nvim",
        "isabelle-syn-nvim": "isabelle-syn-nvim",
        "nixpkgs": "nixpkgs",
        "zen-browser": "zen-browser"
      }
    },
    "zen-browser": {
      "inputs": {
        "nixpkgs": [
          "nixpkgs"
        ]
      },
      "locked": {
        "lastModified": 1741554872,
        "narHash": "sha256-A/Iim9o0hHJjDJVynwtLzkox7NquvPc8CsJ/8OB4dDw=",
        "owner": "0xc000022070",
        "repo": "zen-browser-flake",
        "rev": "a4408170c5a2168bb79abcf587c5072e2ee5fb90",
        "type": "github"
      },
      "original": {
        "owner": "0xc000022070",
        "repo": "zen-browser-flake",
        "type": "github"
      }
    }
  },
  "root": "root",
  "version": 7
}
